// !$*UTF8*$!
{
	archiveVersion = 1;
	classes = {
	};
	objectVersion = 46;
	objects = {

/* Begin PBXBuildFile section */
		102645561B5CB92500D91102 /* MapTBViewCon.m in Sources */ = {isa = PBXBuildFile; fileRef = 102645551B5CB92500D91102 /* MapTBViewCon.m */; };
		102645591B5CBB8F00D91102 /* DetailMapTBViewCell.m in Sources */ = {isa = PBXBuildFile; fileRef = 102645581B5CBB8F00D91102 /* DetailMapTBViewCell.m */; };
		102645991B5CE48600D91102 /* CoreLocation.framework in Frameworks */ = {isa = PBXBuildFile; fileRef = 105D72341B5A0F0000F624BD /* CoreLocation.framework */; };
		1026459A1B5CE48B00D91102 /* MapKit.framework in Frameworks */ = {isa = PBXBuildFile; fileRef = 105D72321B5A0EF600F624BD /* MapKit.framework */; };
		104C9AB41B5FE5C000790BDB /* CommunicatorNewWork.m in Sources */ = {isa = PBXBuildFile; fileRef = 104C9AB31B5FE5C000790BDB /* CommunicatorNewWork.m */; };
		105318E41B5E7BA8006708E5 /* MapViewController.m in Sources */ = {isa = PBXBuildFile; fileRef = 105318E31B5E7BA8006708E5 /* MapViewController.m */; };
		105318E71B5E7F6C006708E5 /* collectCuisineTBController.m in Sources */ = {isa = PBXBuildFile; fileRef = 105318E61B5E7F6C006708E5 /* collectCuisineTBController.m */; };
		105318EA1B5E800A006708E5 /* collectCuisineTBViewCell.m in Sources */ = {isa = PBXBuildFile; fileRef = 105318E91B5E800A006708E5 /* collectCuisineTBViewCell.m */; };
		105318ED1B5F1C30006708E5 /* Restaurant.m in Sources */ = {isa = PBXBuildFile; fileRef = 105318EC1B5F1C30006708E5 /* Restaurant.m */; };
		105318F01B5F1EB0006708E5 /* RestaurantCollection.m in Sources */ = {isa = PBXBuildFile; fileRef = 105318EF1B5F1EB0006708E5 /* RestaurantCollection.m */; };
		105775441B617046005374C7 /* 1.jpg in Resources */ = {isa = PBXBuildFile; fileRef = 105775431B617046005374C7 /* 1.jpg */; };
		1057EEC81B7CFF6D004FA351 /* DataSource.m in Sources */ = {isa = PBXBuildFile; fileRef = 1057EEC71B7CFF6D004FA351 /* DataSource.m */; };
		105D72381B5A14C500F624BD /* LocalCuisineTBViewCon.m in Sources */ = {isa = PBXBuildFile; fileRef = 105D72371B5A14C500F624BD /* LocalCuisineTBViewCon.m */; };
		105D723B1B5A151A00F624BD /* DetailLocalCuisineTBViewCon.m in Sources */ = {isa = PBXBuildFile; fileRef = 105D723A1B5A151A00F624BD /* DetailLocalCuisineTBViewCon.m */; };
		105D723E1B5A155E00F624BD /* LocalCuisineTBViewCell.m in Sources */ = {isa = PBXBuildFile; fileRef = 105D723D1B5A155E00F624BD /* LocalCuisineTBViewCell.m */; };
		105D72411B5A15A300F624BD /* DetailLocalCuisineTBViewCell.m in Sources */ = {isa = PBXBuildFile; fileRef = 105D72401B5A15A300F624BD /* DetailLocalCuisineTBViewCell.m */; };
		105D72681B5BEE9800F624BD /* 7.jpg in Resources */ = {isa = PBXBuildFile; fileRef = 105D72661B5BEE9800F624BD /* 7.jpg */; };
		105D72691B5BEE9800F624BD /* 6.jpg in Resources */ = {isa = PBXBuildFile; fileRef = 105D72671B5BEE9800F624BD /* 6.jpg */; };
		105D726C1B5C05BB00F624BD /* WebViewController.m in Sources */ = {isa = PBXBuildFile; fileRef = 105D726B1B5C05BB00F624BD /* WebViewController.m */; };
		1097C75E1B506A0C0071E943 /* main.m in Sources */ = {isa = PBXBuildFile; fileRef = 1097C75D1B506A0C0071E943 /* main.m */; };
		1097C7611B506A0C0071E943 /* AppDelegate.m in Sources */ = {isa = PBXBuildFile; fileRef = 1097C7601B506A0C0071E943 /* AppDelegate.m */; };
		1097C7641B506A0C0071E943 /* ViewController.m in Sources */ = {isa = PBXBuildFile; fileRef = 1097C7631B506A0C0071E943 /* ViewController.m */; };
		1097C7671B506A0C0071E943 /* Main.storyboard in Resources */ = {isa = PBXBuildFile; fileRef = 1097C7651B506A0C0071E943 /* Main.storyboard */; };
		1097C7691B506A0C0071E943 /* Images.xcassets in Resources */ = {isa = PBXBuildFile; fileRef = 1097C7681B506A0C0071E943 /* Images.xcassets */; };
		1097C76C1B506A0C0071E943 /* LaunchScreen.xib in Resources */ = {isa = PBXBuildFile; fileRef = 1097C76A1B506A0C0071E943 /* LaunchScreen.xib */; };
		1097C7781B506A0C0071E943 /* NantouCuisineTests.m in Sources */ = {isa = PBXBuildFile; fileRef = 1097C7771B506A0C0071E943 /* NantouCuisineTests.m */; };
		D9BC64A2AB7C758B14E90C91 /* libPods.a in Frameworks */ = {isa = PBXBuildFile; fileRef = 13DDE342E5004CC7203E0937 /* libPods.a */; settings = {ATTRIBUTES = (Required, ); }; };
/* End PBXBuildFile section */

/* Begin PBXContainerItemProxy section */
		1097C7721B506A0C0071E943 /* PBXContainerItemProxy */ = {
			isa = PBXContainerItemProxy;
			containerPortal = 1097C7501B506A0C0071E943 /* Project object */;
			proxyType = 1;
			remoteGlobalIDString = 1097C7571B506A0C0071E943;
			remoteInfo = NantouCuisine;
		};
/* End PBXContainerItemProxy section */

/* Begin PBXFileReference section */
		102645541B5CB92500D91102 /* MapTBViewCon.h */ = {isa = PBXFileReference; fileEncoding = 4; lastKnownFileType = sourcecode.c.h; path = MapTBViewCon.h; sourceTree = "<group>"; };
		102645551B5CB92500D91102 /* MapTBViewCon.m */ = {isa = PBXFileReference; fileEncoding = 4; lastKnownFileType = sourcecode.c.objc; path = MapTBViewCon.m; sourceTree = "<group>"; };
		102645571B5CBB8F00D91102 /* DetailMapTBViewCell.h */ = {isa = PBXFileReference; fileEncoding = 4; lastKnownFileType = sourcecode.c.h; path = DetailMapTBViewCell.h; sourceTree = "<group>"; };
		102645581B5CBB8F00D91102 /* DetailMapTBViewCell.m */ = {isa = PBXFileReference; fileEncoding = 4; lastKnownFileType = sourcecode.c.objc; path = DetailMapTBViewCell.m; sourceTree = "<group>"; };
		104C9AB21B5FE5C000790BDB /* CommunicatorNewWork.h */ = {isa = PBXFileReference; fileEncoding = 4; lastKnownFileType = sourcecode.c.h; path = CommunicatorNewWork.h; sourceTree = "<group>"; };
		104C9AB31B5FE5C000790BDB /* CommunicatorNewWork.m */ = {isa = PBXFileReference; fileEncoding = 4; lastKnownFileType = sourcecode.c.objc; path = CommunicatorNewWork.m; sourceTree = "<group>"; };
		105318E21B5E7BA8006708E5 /* MapViewController.h */ = {isa = PBXFileReference; fileEncoding = 4; lastKnownFileType = sourcecode.c.h; path = MapViewController.h; sourceTree = "<group>"; };
		105318E31B5E7BA8006708E5 /* MapViewController.m */ = {isa = PBXFileReference; fileEncoding = 4; lastKnownFileType = sourcecode.c.objc; path = MapViewController.m; sourceTree = "<group>"; };
		105318E51B5E7F6C006708E5 /* collectCuisineTBController.h */ = {isa = PBXFileReference; fileEncoding = 4; lastKnownFileType = sourcecode.c.h; path = collectCuisineTBController.h; sourceTree = "<group>"; };
		105318E61B5E7F6C006708E5 /* collectCuisineTBController.m */ = {isa = PBXFileReference; fileEncoding = 4; lastKnownFileType = sourcecode.c.objc; path = collectCuisineTBController.m; sourceTree = "<group>"; };
		105318E81B5E800A006708E5 /* collectCuisineTBViewCell.h */ = {isa = PBXFileReference; fileEncoding = 4; lastKnownFileType = sourcecode.c.h; path = collectCuisineTBViewCell.h; sourceTree = "<group>"; };
		105318E91B5E800A006708E5 /* collectCuisineTBViewCell.m */ = {isa = PBXFileReference; fileEncoding = 4; lastKnownFileType = sourcecode.c.objc; path = collectCuisineTBViewCell.m; sourceTree = "<group>"; };
		105318EB1B5F1C30006708E5 /* Restaurant.h */ = {isa = PBXFileReference; fileEncoding = 4; lastKnownFileType = sourcecode.c.h; path = Restaurant.h; sourceTree = "<group>"; };
		105318EC1B5F1C30006708E5 /* Restaurant.m */ = {isa = PBXFileReference; fileEncoding = 4; lastKnownFileType = sourcecode.c.objc; path = Restaurant.m; sourceTree = "<group>"; };
		105318EE1B5F1EB0006708E5 /* RestaurantCollection.h */ = {isa = PBXFileReference; fileEncoding = 4; lastKnownFileType = sourcecode.c.h; path = RestaurantCollection.h; sourceTree = "<group>"; };
		105318EF1B5F1EB0006708E5 /* RestaurantCollection.m */ = {isa = PBXFileReference; fileEncoding = 4; lastKnownFileType = sourcecode.c.objc; path = RestaurantCollection.m; sourceTree = "<group>"; };
		105775431B617046005374C7 /* 1.jpg */ = {isa = PBXFileReference; lastKnownFileType = image.jpeg; path = 1.jpg; sourceTree = "<group>"; };
		1057EEC61B7CFF6D004FA351 /* DataSource.h */ = {isa = PBXFileReference; fileEncoding = 4; lastKnownFileType = sourcecode.c.h; path = DataSource.h; sourceTree = "<group>"; };
		1057EEC71B7CFF6D004FA351 /* DataSource.m */ = {isa = PBXFileReference; fileEncoding = 4; lastKnownFileType = sourcecode.c.objc; path = DataSource.m; sourceTree = "<group>"; };
		105D72321B5A0EF600F624BD /* MapKit.framework */ = {isa = PBXFileReference; lastKnownFileType = wrapper.framework; name = MapKit.framework; path = System/Library/Frameworks/MapKit.framework; sourceTree = SDKROOT; };
		105D72341B5A0F0000F624BD /* CoreLocation.framework */ = {isa = PBXFileReference; lastKnownFileType = wrapper.framework; name = CoreLocation.framework; path = System/Library/Frameworks/CoreLocation.framework; sourceTree = SDKROOT; };
		105D72361B5A14C500F624BD /* LocalCuisineTBViewCon.h */ = {isa = PBXFileReference; fileEncoding = 4; lastKnownFileType = sourcecode.c.h; path = LocalCuisineTBViewCon.h; sourceTree = "<group>"; };
		105D72371B5A14C500F624BD /* LocalCuisineTBViewCon.m */ = {isa = PBXFileReference; fileEncoding = 4; lastKnownFileType = sourcecode.c.objc; path = LocalCuisineTBViewCon.m; sourceTree = "<group>"; };
		105D72391B5A151A00F624BD /* DetailLocalCuisineTBViewCon.h */ = {isa = PBXFileReference; fileEncoding = 4; lastKnownFileType = sourcecode.c.h; path = DetailLocalCuisineTBViewCon.h; sourceTree = "<group>"; };
		105D723A1B5A151A00F624BD /* DetailLocalCuisineTBViewCon.m */ = {isa = PBXFileReference; fileEncoding = 4; lastKnownFileType = sourcecode.c.objc; path = DetailLocalCuisineTBViewCon.m; sourceTree = "<group>"; };
		105D723C1B5A155E00F624BD /* LocalCuisineTBViewCell.h */ = {isa = PBXFileReference; fileEncoding = 4; lastKnownFileType = sourcecode.c.h; path = LocalCuisineTBViewCell.h; sourceTree = "<group>"; };
		105D723D1B5A155E00F624BD /* LocalCuisineTBViewCell.m */ = {isa = PBXFileReference; fileEncoding = 4; lastKnownFileType = sourcecode.c.objc; path = LocalCuisineTBViewCell.m; sourceTree = "<group>"; };
		105D723F1B5A15A300F624BD /* DetailLocalCuisineTBViewCell.h */ = {isa = PBXFileReference; fileEncoding = 4; lastKnownFileType = sourcecode.c.h; path = DetailLocalCuisineTBViewCell.h; sourceTree = "<group>"; };
		105D72401B5A15A300F624BD /* DetailLocalCuisineTBViewCell.m */ = {isa = PBXFileReference; fileEncoding = 4; lastKnownFileType = sourcecode.c.objc; path = DetailLocalCuisineTBViewCell.m; sourceTree = "<group>"; };
		105D72661B5BEE9800F624BD /* 7.jpg */ = {isa = PBXFileReference; lastKnownFileType = image.jpeg; path = 7.jpg; sourceTree = "<group>"; };
		105D72671B5BEE9800F624BD /* 6.jpg */ = {isa = PBXFileReference; lastKnownFileType = image.jpeg; path = 6.jpg; sourceTree = "<group>"; };
		105D726A1B5C05BB00F624BD /* WebViewController.h */ = {isa = PBXFileReference; fileEncoding = 4; lastKnownFileType = sourcecode.c.h; path = WebViewController.h; sourceTree = "<group>"; };
		105D726B1B5C05BB00F624BD /* WebViewController.m */ = {isa = PBXFileReference; fileEncoding = 4; lastKnownFileType = sourcecode.c.objc; path = WebViewController.m; sourceTree = "<group>"; };
		1097C7581B506A0C0071E943 /* NantouCuisine.app */ = {isa = PBXFileReference; explicitFileType = wrapper.application; includeInIndex = 0; path = NantouCuisine.app; sourceTree = BUILT_PRODUCTS_DIR; };
		1097C75C1B506A0C0071E943 /* Info.plist */ = {isa = PBXFileReference; lastKnownFileType = text.plist.xml; path = Info.plist; sourceTree = "<group>"; };
		1097C75D1B506A0C0071E943 /* main.m */ = {isa = PBXFileReference; lastKnownFileType = sourcecode.c.objc; path = main.m; sourceTree = "<group>"; };
		1097C75F1B506A0C0071E943 /* AppDelegate.h */ = {isa = PBXFileReference; lastKnownFileType = sourcecode.c.h; path = AppDelegate.h; sourceTree = "<group>"; };
		1097C7601B506A0C0071E943 /* AppDelegate.m */ = {isa = PBXFileReference; lastKnownFileType = sourcecode.c.objc; path = AppDelegate.m; sourceTree = "<group>"; };
		1097C7621B506A0C0071E943 /* ViewController.h */ = {isa = PBXFileReference; lastKnownFileType = sourcecode.c.h; path = ViewController.h; sourceTree = "<group>"; };
		1097C7631B506A0C0071E943 /* ViewController.m */ = {isa = PBXFileReference; lastKnownFileType = sourcecode.c.objc; path = ViewController.m; sourceTree = "<group>"; };
		1097C7661B506A0C0071E943 /* Base */ = {isa = PBXFileReference; lastKnownFileType = file.storyboard; name = Base; path = Base.lproj/Main.storyboard; sourceTree = "<group>"; };
		1097C7681B506A0C0071E943 /* Images.xcassets */ = {isa = PBXFileReference; lastKnownFileType = folder.assetcatalog; path = Images.xcassets; sourceTree = "<group>"; };
		1097C76B1B506A0C0071E943 /* Base */ = {isa = PBXFileReference; lastKnownFileType = file.xib; name = Base; path = Base.lproj/LaunchScreen.xib; sourceTree = "<group>"; };
		1097C7711B506A0C0071E943 /* NantouCuisineTests.xctest */ = {isa = PBXFileReference; explicitFileType = wrapper.cfbundle; includeInIndex = 0; path = NantouCuisineTests.xctest; sourceTree = BUILT_PRODUCTS_DIR; };
		1097C7761B506A0C0071E943 /* Info.plist */ = {isa = PBXFileReference; lastKnownFileType = text.plist.xml; path = Info.plist; sourceTree = "<group>"; };
		1097C7771B506A0C0071E943 /* NantouCuisineTests.m */ = {isa = PBXFileReference; lastKnownFileType = sourcecode.c.objc; path = NantouCuisineTests.m; sourceTree = "<group>"; };
		13DDE342E5004CC7203E0937 /* libPods.a */ = {isa = PBXFileReference; explicitFileType = archive.ar; includeInIndex = 0; path = libPods.a; sourceTree = BUILT_PRODUCTS_DIR; };
		597425E607D85298C8BA0A06 /* Pods.debug.xcconfig */ = {isa = PBXFileReference; includeInIndex = 1; lastKnownFileType = text.xcconfig; name = Pods.debug.xcconfig; path = "Pods/Target Support Files/Pods/Pods.debug.xcconfig"; sourceTree = "<group>"; };
		CDCF2DC7843D8BCC77752C14 /* Pods.release.xcconfig */ = {isa = PBXFileReference; includeInIndex = 1; lastKnownFileType = text.xcconfig; name = Pods.release.xcconfig; path = "Pods/Target Support Files/Pods/Pods.release.xcconfig"; sourceTree = "<group>"; };
/* End PBXFileReference section */

/* Begin PBXFrameworksBuildPhase section */
		1097C7551B506A0C0071E943 /* Frameworks */ = {
			isa = PBXFrameworksBuildPhase;
			buildActionMask = 2147483647;
			files = (
				1026459A1B5CE48B00D91102 /* MapKit.framework in Frameworks */,
				102645991B5CE48600D91102 /* CoreLocation.framework in Frameworks */,
				D9BC64A2AB7C758B14E90C91 /* libPods.a in Frameworks */,
			);
			runOnlyForDeploymentPostprocessing = 0;
		};
		1097C76E1B506A0C0071E943 /* Frameworks */ = {
			isa = PBXFrameworksBuildPhase;
			buildActionMask = 2147483647;
			files = (
			);
			runOnlyForDeploymentPostprocessing = 0;
		};
/* End PBXFrameworksBuildPhase section */

/* Begin PBXGroup section */
		1026459F1B5D04F500D91102 /*  Master */ = {
			isa = PBXGroup;
			children = (
				105D72361B5A14C500F624BD /* LocalCuisineTBViewCon.h */,
				105D72371B5A14C500F624BD /* LocalCuisineTBViewCon.m */,
				105D723C1B5A155E00F624BD /* LocalCuisineTBViewCell.h */,
				105D723D1B5A155E00F624BD /* LocalCuisineTBViewCell.m */,
			);
			name = " Master";
			sourceTree = "<group>";
		};
		102645A01B5D051700D91102 /* Detail_Info */ = {
			isa = PBXGroup;
			children = (
				105D72391B5A151A00F624BD /* DetailLocalCuisineTBViewCon.h */,
				105D723A1B5A151A00F624BD /* DetailLocalCuisineTBViewCon.m */,
				105D723F1B5A15A300F624BD /* DetailLocalCuisineTBViewCell.h */,
				105D72401B5A15A300F624BD /* DetailLocalCuisineTBViewCell.m */,
				102645A51B5D0F6800D91102 /* DetailMap */,
			);
			name = Detail_Info;
			sourceTree = "<group>";
		};
		102645A11B5D058500D91102 /* Web_Info */ = {
			isa = PBXGroup;
			children = (
				105D726A1B5C05BB00F624BD /* WebViewController.h */,
				105D726B1B5C05BB00F624BD /* WebViewController.m */,
			);
			name = Web_Info;
			sourceTree = "<group>";
		};
		102645A51B5D0F6800D91102 /* DetailMap */ = {
			isa = PBXGroup;
			children = (
				102645541B5CB92500D91102 /* MapTBViewCon.h */,
				102645551B5CB92500D91102 /* MapTBViewCon.m */,
				102645571B5CBB8F00D91102 /* DetailMapTBViewCell.h */,
				102645581B5CBB8F00D91102 /* DetailMapTBViewCell.m */,
			);
			name = DetailMap;
			sourceTree = "<group>";
		};
		102645A61B5D34ED00D91102 /* View */ = {
			isa = PBXGroup;
			children = (
				1097C7651B506A0C0071E943 /* Main.storyboard */,
				105775431B617046005374C7 /* 1.jpg */,
				105D72671B5BEE9800F624BD /* 6.jpg */,
				105D72661B5BEE9800F624BD /* 7.jpg */,
			);
			name = View;
			sourceTree = "<group>";
		};
		104C9AB51B5FE5C900790BDB /* DataSource */ = {
			isa = PBXGroup;
			children = (
				104C9AB21B5FE5C000790BDB /* CommunicatorNewWork.h */,
				104C9AB31B5FE5C000790BDB /* CommunicatorNewWork.m */,
				1057EEC61B7CFF6D004FA351 /* DataSource.h */,
				1057EEC71B7CFF6D004FA351 /* DataSource.m */,
			);
			name = DataSource;
			sourceTree = "<group>";
		};
		10560CF41B7DBA4300F58B80 /* Model Class */ = {
			isa = PBXGroup;
			children = (
				105318EB1B5F1C30006708E5 /* Restaurant.h */,
				105318EC1B5F1C30006708E5 /* Restaurant.m */,
				105318EE1B5F1EB0006708E5 /* RestaurantCollection.h */,
				105318EF1B5F1EB0006708E5 /* RestaurantCollection.m */,
			);
			name = "Model Class";
			sourceTree = "<group>";
		};
		105D722F1B59E2F300F624BD /* LocalCuisine */ = {
			isa = PBXGroup;
			children = (
				1026459F1B5D04F500D91102 /*  Master */,
				102645A01B5D051700D91102 /* Detail_Info */,
				102645A11B5D058500D91102 /* Web_Info */,
			);
			name = LocalCuisine;
			sourceTree = "<group>";
		};
		105D72301B59E31900F624BD /* CuisineMap */ = {
			isa = PBXGroup;
			children = (
				105318E21B5E7BA8006708E5 /* MapViewController.h */,
				105318E31B5E7BA8006708E5 /* MapViewController.m */,
			);
			name = CuisineMap;
			sourceTree = "<group>";
		};
		105D72311B59E33E00F624BD /* CollectCuisine */ = {
			isa = PBXGroup;
			children = (
				105318E51B5E7F6C006708E5 /* collectCuisineTBController.h */,
				105318E61B5E7F6C006708E5 /* collectCuisineTBController.m */,
				105318E81B5E800A006708E5 /* collectCuisineTBViewCell.h */,
				105318E91B5E800A006708E5 /* collectCuisineTBViewCell.m */,
			);
			name = CollectCuisine;
			sourceTree = "<group>";
		};
		1097C74F1B506A0C0071E943 = {
			isa = PBXGroup;
			children = (
				1097C75A1B506A0C0071E943 /* NantouCuisine */,
				1097C7741B506A0C0071E943 /* NantouCuisineTests */,
				1097C7591B506A0C0071E943 /* Products */,
				14593FE0BF9C6AD1FFC1FAF2 /* Pods */,
				8CEF20F6569391F0EB8B3A9E /* Frameworks */,
			);
			sourceTree = "<group>";
		};
		1097C7591B506A0C0071E943 /* Products */ = {
			isa = PBXGroup;
			children = (
				1097C7581B506A0C0071E943 /* NantouCuisine.app */,
				1097C7711B506A0C0071E943 /* NantouCuisineTests.xctest */,
			);
			name = Products;
			sourceTree = "<group>";
		};
		1097C75A1B506A0C0071E943 /* NantouCuisine */ = {
			isa = PBXGroup;
			children = (
				102645A61B5D34ED00D91102 /* View */,
				1097C78A1B506C760071E943 /* Controller */,
				1097C78B1B506C8C0071E943 /* Model */,
				1097C75B1B506A0C0071E943 /* Supporting Files */,
			);
			path = NantouCuisine;
			sourceTree = "<group>";
		};
		1097C75B1B506A0C0071E943 /* Supporting Files */ = {
			isa = PBXGroup;
			children = (
				1097C7621B506A0C0071E943 /* ViewController.h */,
				1097C7631B506A0C0071E943 /* ViewController.m */,
				1097C75F1B506A0C0071E943 /* AppDelegate.h */,
				1097C7601B506A0C0071E943 /* AppDelegate.m */,
				1097C7681B506A0C0071E943 /* Images.xcassets */,
				1097C76A1B506A0C0071E943 /* LaunchScreen.xib */,
				1097C75C1B506A0C0071E943 /* Info.plist */,
				1097C75D1B506A0C0071E943 /* main.m */,
			);
			name = "Supporting Files";
			sourceTree = "<group>";
		};
		1097C7741B506A0C0071E943 /* NantouCuisineTests */ = {
			isa = PBXGroup;
			children = (
				1097C7771B506A0C0071E943 /* NantouCuisineTests.m */,
				1097C7751B506A0C0071E943 /* Supporting Files */,
			);
			path = NantouCuisineTests;
			sourceTree = "<group>";
		};
		1097C7751B506A0C0071E943 /* Supporting Files */ = {
			isa = PBXGroup;
			children = (
				1097C7761B506A0C0071E943 /* Info.plist */,
			);
			name = "Supporting Files";
			sourceTree = "<group>";
		};
		1097C78A1B506C760071E943 /* Controller */ = {
			isa = PBXGroup;
			children = (
				105D722F1B59E2F300F624BD /* LocalCuisine */,
				105D72301B59E31900F624BD /* CuisineMap */,
				105D72311B59E33E00F624BD /* CollectCuisine */,
			);
			name = Controller;
			sourceTree = "<group>";
		};
		1097C78B1B506C8C0071E943 /* Model */ = {
			isa = PBXGroup;
			children = (
				104C9AB51B5FE5C900790BDB /* DataSource */,
				10560CF41B7DBA4300F58B80 /* Model Class */,
			);
			name = Model;
			sourceTree = "<group>";
		};
		14593FE0BF9C6AD1FFC1FAF2 /* Pods */ = {
			isa = PBXGroup;
			children = (
				597425E607D85298C8BA0A06 /* Pods.debug.xcconfig */,
				CDCF2DC7843D8BCC77752C14 /* Pods.release.xcconfig */,
			);
			name = Pods;
			sourceTree = "<group>";
		};
		8CEF20F6569391F0EB8B3A9E /* Frameworks */ = {
			isa = PBXGroup;
			children = (
				105D72341B5A0F0000F624BD /* CoreLocation.framework */,
				105D72321B5A0EF600F624BD /* MapKit.framework */,
				13DDE342E5004CC7203E0937 /* libPods.a */,
			);
			name = Frameworks;
			sourceTree = "<group>";
		};
/* End PBXGroup section */

/* Begin PBXNativeTarget section */
		1097C7571B506A0C0071E943 /* NantouCuisine */ = {
			isa = PBXNativeTarget;
			buildConfigurationList = 1097C77B1B506A0C0071E943 /* Build configuration list for PBXNativeTarget "NantouCuisine" */;
			buildPhases = (
				1B98EA458DBF8A84E836F0D3 /* Check Pods Manifest.lock */,
				1097C7541B506A0C0071E943 /* Sources */,
				1097C7551B506A0C0071E943 /* Frameworks */,
				1097C7561B506A0C0071E943 /* Resources */,
				60A3D868924F44A77AE76E61 /* Copy Pods Resources */,
			);
			buildRules = (
			);
			dependencies = (
			);
			name = NantouCuisine;
			productName = NantouCuisine;
			productReference = 1097C7581B506A0C0071E943 /* NantouCuisine.app */;
			productType = "com.apple.product-type.application";
		};
		1097C7701B506A0C0071E943 /* NantouCuisineTests */ = {
			isa = PBXNativeTarget;
			buildConfigurationList = 1097C77E1B506A0C0071E943 /* Build configuration list for PBXNativeTarget "NantouCuisineTests" */;
			buildPhases = (
				1097C76D1B506A0C0071E943 /* Sources */,
				1097C76E1B506A0C0071E943 /* Frameworks */,
				1097C76F1B506A0C0071E943 /* Resources */,
			);
			buildRules = (
			);
			dependencies = (
				1097C7731B506A0C0071E943 /* PBXTargetDependency */,
			);
			name = NantouCuisineTests;
			productName = NantouCuisineTests;
			productReference = 1097C7711B506A0C0071E943 /* NantouCuisineTests.xctest */;
			productType = "com.apple.product-type.bundle.unit-test";
		};
/* End PBXNativeTarget section */

/* Begin PBXProject section */
		1097C7501B506A0C0071E943 /* Project object */ = {
			isa = PBXProject;
			attributes = {
				LastUpgradeCheck = 0640;
				ORGANIZATIONNAME = OSX;
				TargetAttributes = {
					1097C7571B506A0C0071E943 = {
						CreatedOnToolsVersion = 6.4;
					};
					1097C7701B506A0C0071E943 = {
						CreatedOnToolsVersion = 6.4;
						TestTargetID = 1097C7571B506A0C0071E943;
					};
				};
			};
			buildConfigurationList = 1097C7531B506A0C0071E943 /* Build configuration list for PBXProject "NantouCuisine" */;
			compatibilityVersion = "Xcode 3.2";
			developmentRegion = English;
			hasScannedForEncodings = 0;
			knownRegions = (
				en,
				Base,
			);
			mainGroup = 1097C74F1B506A0C0071E943;
			productRefGroup = 1097C7591B506A0C0071E943 /* Products */;
			projectDirPath = "";
			projectRoot = "";
			targets = (
				1097C7571B506A0C0071E943 /* NantouCuisine */,
				1097C7701B506A0C0071E943 /* NantouCuisineTests */,
			);
		};
/* End PBXProject section */

/* Begin PBXResourcesBuildPhase section */
		1097C7561B506A0C0071E943 /* Resources */ = {
			isa = PBXResourcesBuildPhase;
			buildActionMask = 2147483647;
			files = (
				1097C7671B506A0C0071E943 /* Main.storyboard in Resources */,
				1097C76C1B506A0C0071E943 /* LaunchScreen.xib in Resources */,
				1097C7691B506A0C0071E943 /* Images.xcassets in Resources */,
				105775441B617046005374C7 /* 1.jpg in Resources */,
				105D72681B5BEE9800F624BD /* 7.jpg in Resources */,
				105D72691B5BEE9800F624BD /* 6.jpg in Resources */,
			);
			runOnlyForDeploymentPostprocessing = 0;
		};
		1097C76F1B506A0C0071E943 /* Resources */ = {
			isa = PBXResourcesBuildPhase;
			buildActionMask = 2147483647;
			files = (
			);
			runOnlyForDeploymentPostprocessing = 0;
		};
/* End PBXResourcesBuildPhase section */

/* Begin PBXShellScriptBuildPhase section */
		1B98EA458DBF8A84E836F0D3 /* Check Pods Manifest.lock */ = {
			isa = PBXShellScriptBuildPhase;
			buildActionMask = 2147483647;
			files = (
			);
			inputPaths = (
			);
			name = "Check Pods Manifest.lock";
			outputPaths = (
			);
			runOnlyForDeploymentPostprocessing = 0;
			shellPath = /bin/sh;
			shellScript = "diff \"${PODS_ROOT}/../Podfile.lock\" \"${PODS_ROOT}/Manifest.lock\" > /dev/null\nif [[ $? != 0 ]] ; then\n    cat << EOM\nerror: The sandbox is not in sync with the Podfile.lock. Run 'pod install' or update your CocoaPods installation.\nEOM\n    exit 1\nfi\n";
			showEnvVarsInLog = 0;
		};
		60A3D868924F44A77AE76E61 /* Copy Pods Resources */ = {
			isa = PBXShellScriptBuildPhase;
			buildActionMask = 2147483647;
			files = (
			);
			inputPaths = (
			);
			name = "Copy Pods Resources";
			outputPaths = (
			);
			runOnlyForDeploymentPostprocessing = 0;
			shellPath = /bin/sh;
			shellScript = "\"${SRCROOT}/Pods/Target Support Files/Pods/Pods-resources.sh\"\n";
			showEnvVarsInLog = 0;
		};
/* End PBXShellScriptBuildPhase section */

/* Begin PBXSourcesBuildPhase section */
		1097C7541B506A0C0071E943 /* Sources */ = {
			isa = PBXSourcesBuildPhase;
			buildActionMask = 2147483647;
			files = (
				105D723B1B5A151A00F624BD /* DetailLocalCuisineTBViewCon.m in Sources */,
				105D72411B5A15A300F624BD /* DetailLocalCuisineTBViewCell.m in Sources */,
				105D723E1B5A155E00F624BD /* LocalCuisineTBViewCell.m in Sources */,
				105D726C1B5C05BB00F624BD /* WebViewController.m in Sources */,
				105318EA1B5E800A006708E5 /* collectCuisineTBViewCell.m in Sources */,
				102645591B5CBB8F00D91102 /* DetailMapTBViewCell.m in Sources */,
				1097C7641B506A0C0071E943 /* ViewController.m in Sources */,
				1057EEC81B7CFF6D004FA351 /* DataSource.m in Sources */,
				1097C7611B506A0C0071E943 /* AppDelegate.m in Sources */,
				105318ED1B5F1C30006708E5 /* Restaurant.m in Sources */,
				105318E71B5E7F6C006708E5 /* collectCuisineTBController.m in Sources */,
				105D72381B5A14C500F624BD /* LocalCuisineTBViewCon.m in Sources */,
				105318F01B5F1EB0006708E5 /* RestaurantCollection.m in Sources */,
				102645561B5CB92500D91102 /* MapTBViewCon.m in Sources */,
				1097C75E1B506A0C0071E943 /* main.m in Sources */,
				105318E41B5E7BA8006708E5 /* MapViewController.m in Sources */,
				104C9AB41B5FE5C000790BDB /* CommunicatorNewWork.m in Sources */,
			);
			runOnlyForDeploymentPostprocessing = 0;
		};
		1097C76D1B506A0C0071E943 /* Sources */ = {
			isa = PBXSourcesBuildPhase;
			buildActionMask = 2147483647;
			files = (
				1097C7781B506A0C0071E943 /* NantouCuisineTests.m in Sources */,
			);
			runOnlyForDeploymentPostprocessing = 0;
		};
/* End PBXSourcesBuildPhase section */

/* Begin PBXTargetDependency section */
		1097C7731B506A0C0071E943 /* PBXTargetDependency */ = {
			isa = PBXTargetDependency;
			target = 1097C7571B506A0C0071E943 /* NantouCuisine */;
			targetProxy = 1097C7721B506A0C0071E943 /* PBXContainerItemProxy */;
		};
/* End PBXTargetDependency section */

/* Begin PBXVariantGroup section */
		1097C7651B506A0C0071E943 /* Main.storyboard */ = {
			isa = PBXVariantGroup;
			children = (
				1097C7661B506A0C0071E943 /* Base */,
			);
			name = Main.storyboard;
			sourceTree = "<group>";
		};
		1097C76A1B506A0C0071E943 /* LaunchScreen.xib */ = {
			isa = PBXVariantGroup;
			children = (
				1097C76B1B506A0C0071E943 /* Base */,
			);
			name = LaunchScreen.xib;
			sourceTree = "<group>";
		};
/* End PBXVariantGroup section */

/* Begin XCBuildConfiguration section */
		1097C7791B506A0C0071E943 /* Debug */ = {
			isa = XCBuildConfiguration;
			buildSettings = {
				ALWAYS_SEARCH_USER_PATHS = NO;
				CLANG_CXX_LANGUAGE_STANDARD = "gnu++0x";
				CLANG_CXX_LIBRARY = "libc++";
				CLANG_ENABLE_MODULES = YES;
				CLANG_ENABLE_OBJC_ARC = YES;
				CLANG_WARN_BOOL_CONVERSION = YES;
				CLANG_WARN_CONSTANT_CONVERSION = YES;
				CLANG_WARN_DIRECT_OBJC_ISA_USAGE = YES_ERROR;
				CLANG_WARN_EMPTY_BODY = YES;
				CLANG_WARN_ENUM_CONVERSION = YES;
				CLANG_WARN_INT_CONVERSION = YES;
				CLANG_WARN_OBJC_ROOT_CLASS = YES_ERROR;
				CLANG_WARN_UNREACHABLE_CODE = YES;
				CLANG_WARN__DUPLICATE_METHOD_MATCH = YES;
				"CODE_SIGN_IDENTITY[sdk=iphoneos*]" = "iPhone Developer";
				COPY_PHASE_STRIP = NO;
				DEBUG_INFORMATION_FORMAT = "dwarf-with-dsym";
				ENABLE_STRICT_OBJC_MSGSEND = YES;
				GCC_C_LANGUAGE_STANDARD = gnu99;
				GCC_DYNAMIC_NO_PIC = NO;
				GCC_NO_COMMON_BLOCKS = YES;
				GCC_OPTIMIZATION_LEVEL = 0;
				GCC_PREPROCESSOR_DEFINITIONS = (
					"DEBUG=1",
					"$(inherited)",
				);
				GCC_SYMBOLS_PRIVATE_EXTERN = NO;
				GCC_WARN_64_TO_32_BIT_CONVERSION = YES;
				GCC_WARN_ABOUT_RETURN_TYPE = YES_ERROR;
				GCC_WARN_UNDECLARED_SELECTOR = YES;
				GCC_WARN_UNINITIALIZED_AUTOS = YES_AGGRESSIVE;
				GCC_WARN_UNUSED_FUNCTION = YES;
				GCC_WARN_UNUSED_VARIABLE = YES;
				IPHONEOS_DEPLOYMENT_TARGET = 8.4;
				MTL_ENABLE_DEBUG_INFO = YES;
				ONLY_ACTIVE_ARCH = YES;
				SDKROOT = iphoneos;
			};
			name = Debug;
		};
		1097C77A1B506A0C0071E943 /* Release */ = {
			isa = XCBuildConfiguration;
			buildSettings = {
				ALWAYS_SEARCH_USER_PATHS = NO;
				CLANG_CXX_LANGUAGE_STANDARD = "gnu++0x";
				CLANG_CXX_LIBRARY = "libc++";
				CLANG_ENABLE_MODULES = YES;
				CLANG_ENABLE_OBJC_ARC = YES;
				CLANG_WARN_BOOL_CONVERSION = YES;
				CLANG_WARN_CONSTANT_CONVERSION = YES;
				CLANG_WARN_DIRECT_OBJC_ISA_USAGE = YES_ERROR;
				CLANG_WARN_EMPTY_BODY = YES;
				CLANG_WARN_ENUM_CONVERSION = YES;
				CLANG_WARN_INT_CONVERSION = YES;
				CLANG_WARN_OBJC_ROOT_CLASS = YES_ERROR;
				CLANG_WARN_UNREACHABLE_CODE = YES;
				CLANG_WARN__DUPLICATE_METHOD_MATCH = YES;
				"CODE_SIGN_IDENTITY[sdk=iphoneos*]" = "iPhone Developer";
				COPY_PHASE_STRIP = NO;
				DEBUG_INFORMATION_FORMAT = "dwarf-with-dsym";
				ENABLE_NS_ASSERTIONS = NO;
				ENABLE_STRICT_OBJC_MSGSEND = YES;
				GCC_C_LANGUAGE_STANDARD = gnu99;
				GCC_NO_COMMON_BLOCKS = YES;
				GCC_WARN_64_TO_32_BIT_CONVERSION = YES;
				GCC_WARN_ABOUT_RETURN_TYPE = YES_ERROR;
				GCC_WARN_UNDECLARED_SELECTOR = YES;
				GCC_WARN_UNINITIALIZED_AUTOS = YES_AGGRESSIVE;
				GCC_WARN_UNUSED_FUNCTION = YES;
				GCC_WARN_UNUSED_VARIABLE = YES;
				IPHONEOS_DEPLOYMENT_TARGET = 8.4;
				MTL_ENABLE_DEBUG_INFO = NO;
				SDKROOT = iphoneos;
				VALIDATE_PRODUCT = YES;
			};
			name = Release;
		};
		1097C77C1B506A0C0071E943 /* Debug */ = {
			isa = XCBuildConfiguration;
			baseConfigurationReference = 597425E607D85298C8BA0A06 /* Pods.debug.xcconfig */;
			buildSettings = {
				ASSETCATALOG_COMPILER_APPICON_NAME = AppIcon;
				INFOPLIST_FILE = NantouCuisine/Info.plist;
				LD_RUNPATH_SEARCH_PATHS = "$(inherited) @executable_path/Frameworks";
				PRODUCT_NAME = "$(TARGET_NAME)";
				USER_HEADER_SEARCH_PATHS = "${SRCROOT}/**";
			};
			name = Debug;
		};
		1097C77D1B506A0C0071E943 /* Release */ = {
			isa = XCBuildConfiguration;
			baseConfigurationReference = CDCF2DC7843D8BCC77752C14 /* Pods.release.xcconfig */;
			buildSettings = {
				ASSETCATALOG_COMPILER_APPICON_NAME = AppIcon;
				INFOPLIST_FILE = NantouCuisine/Info.plist;
				LD_RUNPATH_SEARCH_PATHS = "$(inherited) @executable_path/Frameworks";
				PRODUCT_NAME = "$(TARGET_NAME)";
				USER_HEADER_SEARCH_PATHS = "${SRCROOT}/**";
			};
			name = Release;
		};
		1097C77F1B506A0C0071E943 /* Debug */ = {
			isa = XCBuildConfiguration;
			buildSettings = {
				BUNDLE_LOADER = "$(TEST_HOST)";
				FRAMEWORK_SEARCH_PATHS = (
					"$(SDKROOT)/Developer/Library/Frameworks",
					"$(inherited)",
				);
				GCC_PREPROCESSOR_DEFINITIONS = (
					"DEBUG=1",
					"$(inherited)",
				);
				INFOPLIST_FILE = NantouCuisineTests/Info.plist;
				LD_RUNPATH_SEARCH_PATHS = "$(inherited) @executable_path/Frameworks @loader_path/Frameworks";
				PRODUCT_NAME = "$(TARGET_NAME)";
				TEST_HOST = "$(BUILT_PRODUCTS_DIR)/NantouCuisine.app/NantouCuisine";
			};
			name = Debug;
		};
		1097C7801B506A0C0071E943 /* Release */ = {
			isa = XCBuildConfiguration;
			buildSettings = {
				BUNDLE_LOADER = "$(TEST_HOST)";
				FRAMEWORK_SEARCH_PATHS = (
					"$(SDKROOT)/Developer/Library/Frameworks",
					"$(inherited)",
				);
				INFOPLIST_FILE = NantouCuisineTests/Info.plist;
				LD_RUNPATH_SEARCH_PATHS = "$(inherited) @executable_path/Frameworks @loader_path/Frameworks";
				PRODUCT_NAME = "$(TARGET_NAME)";
				TEST_HOST = "$(BUILT_PRODUCTS_DIR)/NantouCuisine.app/NantouCuisine";
			};
			name = Release;
		};
/* End XCBuildConfiguration section */

/* Begin XCConfigurationList section */
		1097C7531B506A0C0071E943 /* Build configuration list for PBXProject "NantouCuisine" */ = {
			isa = XCConfigurationList;
			buildConfigurations = (
				1097C7791B506A0C0071E943 /* Debug */,
				1097C77A1B506A0C0071E943 /* Release */,
			);
			defaultConfigurationIsVisible = 0;
			defaultConfigurationName = Release;
		};
		1097C77B1B506A0C0071E943 /* Build configuration list for PBXNativeTarget "NantouCuisine" */ = {
			isa = XCConfigurationList;
			buildConfigurations = (
				1097C77C1B506A0C0071E943 /* Debug */,
				1097C77D1B506A0C0071E943 /* Release */,
			);
			defaultConfigurationIsVisible = 0;
			defaultConfigurationName = Release;
		};
		1097C77E1B506A0C0071E943 /* Build configuration list for PBXNativeTarget "NantouCuisineTests" */ = {
			isa = XCConfigurationList;
			buildConfigurations = (
				1097C77F1B506A0C0071E943 /* Debug */,
				1097C7801B506A0C0071E943 /* Release */,
			);
			defaultConfigurationIsVisible = 0;
			defaultConfigurationName = Release;
		};
/* End XCConfigurationList section */
	};
	rootObject = 1097C7501B506A0C0071E943 /* Project object */;
}
